Microsoft Visual Studio Solution File, Format Version 11.00
# Visual Studio 2008

Project("{7B36A97B-713D-5C04-A45A-1A43F023FAA6}") = "Exercise 4", "Assembly-CSharp.csproj", "{E8924F3D-70AF-D5DD-B106-571F0E6A38D2}"
EndProject
Global
	GlobalSection(SolutionConfigurationPlatforms) = preSolution
		Debug|Any CPU = Debug|Any CPU
		Release|Any CPU = Release|Any CPU
	EndGlobalSection
	GlobalSection(ProjectConfigurationPlatforms) = postSolution
		{E8924F3D-70AF-D5DD-B106-571F0E6A38D2}.Debug|Any CPU.ActiveCfg = Debug|Any CPU
		{E8924F3D-70AF-D5DD-B106-571F0E6A38D2}.Debug|Any CPU.Build.0 = Debug|Any CPU
		{E8924F3D-70AF-D5DD-B106-571F0E6A38D2}.Release|Any CPU.ActiveCfg = Release|Any CPU
		{E8924F3D-70AF-D5DD-B106-571F0E6A38D2}.Release|Any CPU.Build.0 = Release|Any CPU
	EndGlobalSection
	GlobalSection(SolutionProperties) = preSolution
		HideSolutionNode = FALSE
	EndGlobalSection
	GlobalSection(MonoDevelopProperties) = preSolution
		StartupItem = Assembly-CSharp.csproj
	EndGlobalSection
EndGlobal
